
Microsoft Visual Studio Solution File, Format Version 12.00
# Visual Studio Version 17
VisualStudioVersion = 17.5.33530.505
MinimumVisualStudioVersion = 10.0.40219.1
Project("{FAE04EC0-301F-11D3-BF4B-00C04F79EFBC}") = "FlowerForceSolution", "FlowerForceSolution\FlowerForceSolution.csproj", "{965C45DC-7759-4DCF-B823-1D3C61C07A96}"
EndProject
Global
	GlobalSection(SolutionConfigurationPlatforms) = preSolution
		Debug|Any CPU = Debug|Any CPU
		Release|Any CPU = Release|Any CPU
	EndGlobalSection
	GlobalSection(ProjectConfigurationPlatforms) = postSolution
		{965C45DC-7759-4DCF-B823-1D3C61C07A96}.Debug|Any CPU.ActiveCfg = Debug|Any CPU
		{965C45DC-7759-4DCF-B823-1D3C61C07A96}.Debug|Any CPU.Build.0 = Debug|Any CPU
		{965C45DC-7759-4DCF-B823-1D3C61C07A96}.Release|Any CPU.ActiveCfg = Release|Any CPU
		{965C45DC-7759-4DCF-B823-1D3C61C07A96}.Release|Any CPU.Build.0 = Release|Any CPU
	EndGlobalSection
	GlobalSection(SolutionProperties) = preSolution
		HideSolutionNode = FALSE
	EndGlobalSection
	GlobalSection(ExtensibilityGlobals) = postSolution
		SolutionGuid = {30A3584B-4A11-4723-A7BE-E84F5A533D60}
	EndGlobalSection
EndGlobal
