
Microsoft Visual Studio Solution File, Format Version 12.00
# Visual Studio Version 17
VisualStudioVersion = 17.3.32901.215
MinimumVisualStudioVersion = 10.0.40219.1
Project("{FAE04EC0-301F-11D3-BF4B-00C04F79EFBC}") = "FlowerForce", "FlowerForce\FlowerForce.csproj", "{4EB42C82-396C-4CE4-AFCD-0C01E47EE05B}"
EndProject
Global
	GlobalSection(SolutionConfigurationPlatforms) = preSolution
		Debug|Any CPU = Debug|Any CPU
		Release|Any CPU = Release|Any CPU
	EndGlobalSection
	GlobalSection(ProjectConfigurationPlatforms) = postSolution
		{4EB42C82-396C-4CE4-AFCD-0C01E47EE05B}.Debug|Any CPU.ActiveCfg = Debug|Any CPU
		{4EB42C82-396C-4CE4-AFCD-0C01E47EE05B}.Debug|Any CPU.Build.0 = Debug|Any CPU
		{4EB42C82-396C-4CE4-AFCD-0C01E47EE05B}.Release|Any CPU.ActiveCfg = Release|Any CPU
		{4EB42C82-396C-4CE4-AFCD-0C01E47EE05B}.Release|Any CPU.Build.0 = Release|Any CPU
	EndGlobalSection
	GlobalSection(SolutionProperties) = preSolution
		HideSolutionNode = FALSE
	EndGlobalSection
	GlobalSection(ExtensibilityGlobals) = postSolution
		SolutionGuid = {2D8144A9-83CD-4015-96E9-18D3FCF7EB85}
	EndGlobalSection
EndGlobal
